
Microsoft Visual Studio Solution File, Format Version 12.00
# Visual Studio Version 16
VisualStudioVersion = 16.0.30907.101
MinimumVisualStudioVersion = 10.0.40219.1
Project("{FAE04EC0-301F-11D3-BF4B-00C04F79EFBC}") = "PruebaTecnica", "PruebaTecnica\PruebaTecnica.csproj", "{FC5BA9B6-88B8-4D44-A79D-979E4C157B77}"
EndProject
Global
	GlobalSection(SolutionConfigurationPlatforms) = preSolution
		Debug|Any CPU = Debug|Any CPU
		Release|Any CPU = Release|Any CPU
	EndGlobalSection
	GlobalSection(ProjectConfigurationPlatforms) = postSolution
		{FC5BA9B6-88B8-4D44-A79D-979E4C157B77}.Debug|Any CPU.ActiveCfg = Debug|Any CPU
		{FC5BA9B6-88B8-4D44-A79D-979E4C157B77}.Debug|Any CPU.Build.0 = Debug|Any CPU
		{FC5BA9B6-88B8-4D44-A79D-979E4C157B77}.Release|Any CPU.ActiveCfg = Release|Any CPU
		{FC5BA9B6-88B8-4D44-A79D-979E4C157B77}.Release|Any CPU.Build.0 = Release|Any CPU
	EndGlobalSection
	GlobalSection(SolutionProperties) = preSolution
		HideSolutionNode = FALSE
	EndGlobalSection
	GlobalSection(ExtensibilityGlobals) = postSolution
		SolutionGuid = {AB68A1AA-3838-4CFA-9314-BD66D315EDCE}
	EndGlobalSection
EndGlobal
